
Microsoft Visual Studio Solution File, Format Version 12.00
# Visual Studio Version 16
VisualStudioVersion = 16.0.30717.126
MinimumVisualStudioVersion = 10.0.40219.1
Project("{8BC9CEB8-8B4A-11D0-8D11-00A0C91BC942}") = "AESHW_CPA210215", "AESHW_CPA210215.vcxproj", "{5F069F3D-1219-4284-A0D1-F749EF9EB117}"
EndProject
Global
	GlobalSection(SolutionConfigurationPlatforms) = preSolution
		Debug|x64 = Debug|x64
		Debug|x86 = Debug|x86
		Release|x64 = Release|x64
		Release|x86 = Release|x86
	EndGlobalSection
	GlobalSection(ProjectConfigurationPlatforms) = postSolution
		{5F069F3D-1219-4284-A0D1-F749EF9EB117}.Debug|x64.ActiveCfg = Debug|x64
		{5F069F3D-1219-4284-A0D1-F749EF9EB117}.Debug|x64.Build.0 = Debug|x64
		{5F069F3D-1219-4284-A0D1-F749EF9EB117}.Debug|x86.ActiveCfg = Debug|Win32
		{5F069F3D-1219-4284-A0D1-F749EF9EB117}.Debug|x86.Build.0 = Debug|Win32
		{5F069F3D-1219-4284-A0D1-F749EF9EB117}.Release|x64.ActiveCfg = Release|x64
		{5F069F3D-1219-4284-A0D1-F749EF9EB117}.Release|x64.Build.0 = Release|x64
		{5F069F3D-1219-4284-A0D1-F749EF9EB117}.Release|x86.ActiveCfg = Release|x64
		{5F069F3D-1219-4284-A0D1-F749EF9EB117}.Release|x86.Build.0 = Release|x64
	EndGlobalSection
	GlobalSection(SolutionProperties) = preSolution
		HideSolutionNode = FALSE
	EndGlobalSection
	GlobalSection(ExtensibilityGlobals) = postSolution
		SolutionGuid = {0299F64E-D546-4647-B33A-73AF688B1E75}
	EndGlobalSection
EndGlobal
